
Microsoft Visual Studio Solution File, Format Version 12.00
# Visual Studio Version 16
VisualStudioVersion = 16.0.31129.286
MinimumVisualStudioVersion = 10.0.40219.1
Project("{9A19103F-16F7-4668-BE54-9A1E7A4F7556}") = "CMS.Elements.Api.Web.Host", "CMS.ElementS.Api.Web.Host\CMS.Elements.Api.Web.Host.csproj", "{BECF2C8D-A064-4BD2-8B56-E12F48F13342}"
EndProject
Project("{9A19103F-16F7-4668-BE54-9A1E7A4F7556}") = "CMS.Elements.Api.Contracts", "CMS.Elements.Api.Contracts\CMS.Elements.Api.Contracts.csproj", "{0AF953B0-E23B-4CC3-982D-2D880D7E7210}"
EndProject
Project("{9A19103F-16F7-4668-BE54-9A1E7A4F7556}") = "CMS.Elements.Api.BLL", "CMS.Elements.Api.BLL\CMS.Elements.Api.BLL.csproj", "{9D237554-F46F-400A-AB7E-162322A25D1C}"
EndProject
Project("{9A19103F-16F7-4668-BE54-9A1E7A4F7556}") = "CMS.Elements.Api.Dal", "CMS.Elements.Api.Dal\CMS.Elements.Api.Dal.csproj", "{A5BF37F4-7E6C-456A-B152-B9F29188C3FF}"
EndProject
Project("{FAE04EC0-301F-11D3-BF4B-00C04F79EFBC}") = "CMS.Elements.Api.Tests", "CMS.Elements.Api.Tests\CMS.Elements.Api.Tests.csproj", "{0428B278-136A-4158-A48B-21F48C309047}"
EndProject
Global
	GlobalSection(SolutionConfigurationPlatforms) = preSolution
		Debug|Any CPU = Debug|Any CPU
		Release|Any CPU = Release|Any CPU
	EndGlobalSection
	GlobalSection(ProjectConfigurationPlatforms) = postSolution
		{BECF2C8D-A064-4BD2-8B56-E12F48F13342}.Debug|Any CPU.ActiveCfg = Debug|Any CPU
		{BECF2C8D-A064-4BD2-8B56-E12F48F13342}.Debug|Any CPU.Build.0 = Debug|Any CPU
		{BECF2C8D-A064-4BD2-8B56-E12F48F13342}.Release|Any CPU.ActiveCfg = Release|Any CPU
		{BECF2C8D-A064-4BD2-8B56-E12F48F13342}.Release|Any CPU.Build.0 = Release|Any CPU
		{0AF953B0-E23B-4CC3-982D-2D880D7E7210}.Debug|Any CPU.ActiveCfg = Debug|Any CPU
		{0AF953B0-E23B-4CC3-982D-2D880D7E7210}.Debug|Any CPU.Build.0 = Debug|Any CPU
		{0AF953B0-E23B-4CC3-982D-2D880D7E7210}.Release|Any CPU.ActiveCfg = Release|Any CPU
		{0AF953B0-E23B-4CC3-982D-2D880D7E7210}.Release|Any CPU.Build.0 = Release|Any CPU
		{9D237554-F46F-400A-AB7E-162322A25D1C}.Debug|Any CPU.ActiveCfg = Debug|Any CPU
		{9D237554-F46F-400A-AB7E-162322A25D1C}.Debug|Any CPU.Build.0 = Debug|Any CPU
		{9D237554-F46F-400A-AB7E-162322A25D1C}.Release|Any CPU.ActiveCfg = Release|Any CPU
		{9D237554-F46F-400A-AB7E-162322A25D1C}.Release|Any CPU.Build.0 = Release|Any CPU
		{A5BF37F4-7E6C-456A-B152-B9F29188C3FF}.Debug|Any CPU.ActiveCfg = Debug|Any CPU
		{A5BF37F4-7E6C-456A-B152-B9F29188C3FF}.Debug|Any CPU.Build.0 = Debug|Any CPU
		{A5BF37F4-7E6C-456A-B152-B9F29188C3FF}.Release|Any CPU.ActiveCfg = Release|Any CPU
		{A5BF37F4-7E6C-456A-B152-B9F29188C3FF}.Release|Any CPU.Build.0 = Release|Any CPU
		{0428B278-136A-4158-A48B-21F48C309047}.Debug|Any CPU.ActiveCfg = Debug|Any CPU
		{0428B278-136A-4158-A48B-21F48C309047}.Debug|Any CPU.Build.0 = Debug|Any CPU
		{0428B278-136A-4158-A48B-21F48C309047}.Release|Any CPU.ActiveCfg = Release|Any CPU
		{0428B278-136A-4158-A48B-21F48C309047}.Release|Any CPU.Build.0 = Release|Any CPU
	EndGlobalSection
	GlobalSection(SolutionProperties) = preSolution
		HideSolutionNode = FALSE
	EndGlobalSection
	GlobalSection(ExtensibilityGlobals) = postSolution
		SolutionGuid = {0DA719E5-8571-47A6-9BC7-2F39DDB0C755}
	EndGlobalSection
EndGlobal
